
Microsoft Visual Studio Solution File, Format Version 12.00
# Visual Studio Version 16
VisualStudioVersion = 16.0.30717.126
MinimumVisualStudioVersion = 10.0.40219.1
Project("{FAE04EC0-301F-11D3-BF4B-00C04F79EFBC}") = "WFormWebApi", "WFormWebApi\WFormWebApi.csproj", "{D4A07A23-D3BE-4F33-8528-5E0B28B23868}"
EndProject
Global
	GlobalSection(SolutionConfigurationPlatforms) = preSolution
		Debug|Any CPU = Debug|Any CPU
		Release|Any CPU = Release|Any CPU
	EndGlobalSection
	GlobalSection(ProjectConfigurationPlatforms) = postSolution
		{D4A07A23-D3BE-4F33-8528-5E0B28B23868}.Debug|Any CPU.ActiveCfg = Debug|Any CPU
		{D4A07A23-D3BE-4F33-8528-5E0B28B23868}.Debug|Any CPU.Build.0 = Debug|Any CPU
		{D4A07A23-D3BE-4F33-8528-5E0B28B23868}.Release|Any CPU.ActiveCfg = Release|Any CPU
		{D4A07A23-D3BE-4F33-8528-5E0B28B23868}.Release|Any CPU.Build.0 = Release|Any CPU
	EndGlobalSection
	GlobalSection(SolutionProperties) = preSolution
		HideSolutionNode = FALSE
	EndGlobalSection
	GlobalSection(ExtensibilityGlobals) = postSolution
		SolutionGuid = {FCC28166-ED7F-42C0-A588-45137D12DB76}
	EndGlobalSection
EndGlobal
